// !$*UTF8*$!
{
	archiveVersion = 1;
	classes = {
	};
	objectVersion = 46;
	objects = {

/* Begin PBXBuildFile section */
		6490DCED1A4E8D3E00C01BBA /* IMG_2218.JPG in Resources */ = {isa = PBXBuildFile; fileRef = 6490DCEC1A4E8D3E00C01BBA /* IMG_2218.JPG */; };
		C33A16541A4D3F0800287512 /* CustomPresentationAnimationController.swift in Sources */ = {isa = PBXBuildFile; fileRef = C33A16531A4D3F0800287512 /* CustomPresentationAnimationController.swift */; };
		C33F5B7F1A4D0B9F00E14426 /* AppDelegate.swift in Sources */ = {isa = PBXBuildFile; fileRef = C33F5B7E1A4D0B9F00E14426 /* AppDelegate.swift */; };
		C33F5B811A4D0B9F00E14426 /* ViewController.swift in Sources */ = {isa = PBXBuildFile; fileRef = C33F5B801A4D0B9F00E14426 /* ViewController.swift */; };
		C33F5B841A4D0B9F00E14426 /* Main.storyboard in Resources */ = {isa = PBXBuildFile; fileRef = C33F5B821A4D0B9F00E14426 /* Main.storyboard */; };
		C33F5B891A4D0B9F00E14426 /* LaunchScreen.xib in Resources */ = {isa = PBXBuildFile; fileRef = C33F5B871A4D0B9F00E14426 /* LaunchScreen.xib */; };
		C33F5B951A4D0BA000E14426 /* iOS_Presentation_DemoTests.swift in Sources */ = {isa = PBXBuildFile; fileRef = C33F5B941A4D0BA000E14426 /* iOS_Presentation_DemoTests.swift */; };
		C33F5BA11A4D0CE700E14426 /* README.md in Sources */ = {isa = PBXBuildFile; fileRef = C33F5BA01A4D0CE700E14426 /* README.md */; };
		C33F5BA31A4D0D7600E14426 /* CustomPresentationController.swift in Sources */ = {isa = PBXBuildFile; fileRef = C33F5BA21A4D0D7600E14426 /* CustomPresentationController.swift */; };
		C33F5BA51A4D285700E14426 /* SubViewController.swift in Sources */ = {isa = PBXBuildFile; fileRef = C33F5BA41A4D285700E14426 /* SubViewController.swift */; };
/* End PBXBuildFile section */

/* Begin PBXContainerItemProxy section */
		C33F5B8F1A4D0BA000E14426 /* PBXContainerItemProxy */ = {
			isa = PBXContainerItemProxy;
			containerPortal = C33F5B711A4D0B9F00E14426 /* Project object */;
			proxyType = 1;
			remoteGlobalIDString = C33F5B781A4D0B9F00E14426;
			remoteInfo = "iOS-Presentation-Demo";
		};
/* End PBXContainerItemProxy section */

/* Begin PBXFileReference section */
		6490DCEC1A4E8D3E00C01BBA /* IMG_2218.JPG */ = {isa = PBXFileReference; lastKnownFileType = image.jpeg; path = IMG_2218.JPG; sourceTree = "<group>"; };
		C33A16531A4D3F0800287512 /* CustomPresentationAnimationController.swift */ = {isa = PBXFileReference; fileEncoding = 4; lastKnownFileType = sourcecode.swift; path = CustomPresentationAnimationController.swift; sourceTree = "<group>"; };
		C33F5B791A4D0B9F00E14426 /* iOS-Presentation-Demo.app */ = {isa = PBXFileReference; explicitFileType = wrapper.application; includeInIndex = 0; path = "iOS-Presentation-Demo.app"; sourceTree = BUILT_PRODUCTS_DIR; };
		C33F5B7D1A4D0B9F00E14426 /* Info.plist */ = {isa = PBXFileReference; lastKnownFileType = text.plist.xml; path = Info.plist; sourceTree = "<group>"; };
		C33F5B7E1A4D0B9F00E14426 /* AppDelegate.swift */ = {isa = PBXFileReference; lastKnownFileType = sourcecode.swift; path = AppDelegate.swift; sourceTree = "<group>"; };
		C33F5B801A4D0B9F00E14426 /* ViewController.swift */ = {isa = PBXFileReference; lastKnownFileType = sourcecode.swift; path = ViewController.swift; sourceTree = "<group>"; };
		C33F5B831A4D0B9F00E14426 /* Base */ = {isa = PBXFileReference; lastKnownFileType = file.storyboard; name = Base; path = Base.lproj/Main.storyboard; sourceTree = "<group>"; };
		C33F5B881A4D0B9F00E14426 /* Base */ = {isa = PBXFileReference; lastKnownFileType = file.xib; name = Base; path = Base.lproj/LaunchScreen.xib; sourceTree = "<group>"; };
		C33F5B8E1A4D0BA000E14426 /* iOS-Presentation-DemoTests.xctest */ = {isa = PBXFileReference; explicitFileType = wrapper.cfbundle; includeInIndex = 0; path = "iOS-Presentation-DemoTests.xctest"; sourceTree = BUILT_PRODUCTS_DIR; };
		C33F5B931A4D0BA000E14426 /* Info.plist */ = {isa = PBXFileReference; lastKnownFileType = text.plist.xml; path = Info.plist; sourceTree = "<group>"; };
		C33F5B941A4D0BA000E14426 /* iOS_Presentation_DemoTests.swift */ = {isa = PBXFileReference; lastKnownFileType = sourcecode.swift; path = iOS_Presentation_DemoTests.swift; sourceTree = "<group>"; };
		C33F5BA01A4D0CE700E14426 /* README.md */ = {isa = PBXFileReference; fileEncoding = 4; lastKnownFileType = net.daringfireball.markdown; path = README.md; sourceTree = "<group>"; };
		C33F5BA21A4D0D7600E14426 /* CustomPresentationController.swift */ = {isa = PBXFileReference; fileEncoding = 4; lastKnownFileType = sourcecode.swift; path = CustomPresentationController.swift; sourceTree = "<group>"; };
		C33F5BA41A4D285700E14426 /* SubViewController.swift */ = {isa = PBXFileReference; fileEncoding = 4; lastKnownFileType = sourcecode.swift; path = SubViewController.swift; sourceTree = "<group>"; };
/* End PBXFileReference section */

/* Begin PBXFrameworksBuildPhase section */
		C33F5B761A4D0B9F00E14426 /* Frameworks */ = {
			isa = PBXFrameworksBuildPhase;
			buildActionMask = 2147483647;
			files = (
			);
			runOnlyForDeploymentPostprocessing = 0;
		};
		C33F5B8B1A4D0BA000E14426 /* Frameworks */ = {
			isa = PBXFrameworksBuildPhase;
			buildActionMask = 2147483647;
			files = (
			);
			runOnlyForDeploymentPostprocessing = 0;
		};
/* End PBXFrameworksBuildPhase section */

/* Begin PBXGroup section */
		C33F5B701A4D0B9F00E14426 = {
			isa = PBXGroup;
			children = (
				6490DCEC1A4E8D3E00C01BBA /* IMG_2218.JPG */,
				C33F5BA01A4D0CE700E14426 /* README.md */,
				C33F5B7B1A4D0B9F00E14426 /* iOS-Presentation-Demo */,
				C33F5B911A4D0BA000E14426 /* iOS-Presentation-DemoTests */,
				C33F5B7A1A4D0B9F00E14426 /* Products */,
			);
			sourceTree = "<group>";
		};
		C33F5B7A1A4D0B9F00E14426 /* Products */ = {
			isa = PBXGroup;
			children = (
				C33F5B791A4D0B9F00E14426 /* iOS-Presentation-Demo.app */,
				C33F5B8E1A4D0BA000E14426 /* iOS-Presentation-DemoTests.xctest */,
			);
			name = Products;
			sourceTree = "<group>";
		};
		C33F5B7B1A4D0B9F00E14426 /* iOS-Presentation-Demo */ = {
			isa = PBXGroup;
			children = (
				C33F5B7E1A4D0B9F00E14426 /* AppDelegate.swift */,
				C33F5B801A4D0B9F00E14426 /* ViewController.swift */,
				C33F5BA41A4D285700E14426 /* SubViewController.swift */,
				C33F5BA21A4D0D7600E14426 /* CustomPresentationController.swift */,
				C33A16531A4D3F0800287512 /* CustomPresentationAnimationController.swift */,
				C33F5B821A4D0B9F00E14426 /* Main.storyboard */,
				C33F5B871A4D0B9F00E14426 /* LaunchScreen.xib */,
				C33F5B7C1A4D0B9F00E14426 /* Supporting Files */,
			);
			path = "iOS-Presentation-Demo";
			sourceTree = "<group>";
		};
		C33F5B7C1A4D0B9F00E14426 /* Supporting Files */ = {
			isa = PBXGroup;
			children = (
				C33F5B7D1A4D0B9F00E14426 /* Info.plist */,
			);
			name = "Supporting Files";
			sourceTree = "<group>";
		};
		C33F5B911A4D0BA000E14426 /* iOS-Presentation-DemoTests */ = {
			isa = PBXGroup;
			children = (
				C33F5B941A4D0BA000E14426 /* iOS_Presentation_DemoTests.swift */,
				C33F5B921A4D0BA000E14426 /* Supporting Files */,
			);
			path = "iOS-Presentation-DemoTests";
			sourceTree = "<group>";
		};
		C33F5B921A4D0BA000E14426 /* Supporting Files */ = {
			isa = PBXGroup;
			children = (
				C33F5B931A4D0BA000E14426 /* Info.plist */,
			);
			name = "Supporting Files";
			sourceTree = "<group>";
		};
/* End PBXGroup section */

/* Begin PBXNativeTarget section */
		C33F5B781A4D0B9F00E14426 /* iOS-Presentation-Demo */ = {
			isa = PBXNativeTarget;
			buildConfigurationList = C33F5B981A4D0BA000E14426 /* Build configuration list for PBXNativeTarget "iOS-Presentation-Demo" */;
			buildPhases = (
				C33F5B751A4D0B9F00E14426 /* Sources */,
				C33F5B761A4D0B9F00E14426 /* Frameworks */,
				C33F5B771A4D0B9F00E14426 /* Resources */,
			);
			buildRules = (
			);
			dependencies = (
			);
			name = "iOS-Presentation-Demo";
			productName = "iOS-Presentation-Demo";
			productReference = C33F5B791A4D0B9F00E14426 /* iOS-Presentation-Demo.app */;
			productType = "com.apple.product-type.application";
		};
		C33F5B8D1A4D0BA000E14426 /* iOS-Presentation-DemoTests */ = {
			isa = PBXNativeTarget;
			buildConfigurationList = C33F5B9B1A4D0BA000E14426 /* Build configuration list for PBXNativeTarget "iOS-Presentation-DemoTests" */;
			buildPhases = (
				C33F5B8A1A4D0BA000E14426 /* Sources */,
				C33F5B8B1A4D0BA000E14426 /* Frameworks */,
				C33F5B8C1A4D0BA000E14426 /* Resources */,
			);
			buildRules = (
			);
			dependencies = (
				C33F5B901A4D0BA000E14426 /* PBXTargetDependency */,
			);
			name = "iOS-Presentation-DemoTests";
			productName = "iOS-Presentation-DemoTests";
			productReference = C33F5B8E1A4D0BA000E14426 /* iOS-Presentation-DemoTests.xctest */;
			productType = "com.apple.product-type.bundle.unit-test";
		};
/* End PBXNativeTarget section */

/* Begin PBXProject section */
		C33F5B711A4D0B9F00E14426 /* Project object */ = {
			isa = PBXProject;
			attributes = {
				LastUpgradeCheck = 0610;
				ORGANIZATIONNAME = backslash112;
				TargetAttributes = {
					C33F5B781A4D0B9F00E14426 = {
						CreatedOnToolsVersion = 6.1;
					};
					C33F5B8D1A4D0BA000E14426 = {
						CreatedOnToolsVersion = 6.1;
						TestTargetID = C33F5B781A4D0B9F00E14426;
					};
				};
			};
			buildConfigurationList = C33F5B741A4D0B9F00E14426 /* Build configuration list for PBXProject "iOS-Presentation-Demo" */;
			compatibilityVersion = "Xcode 3.2";
			developmentRegion = English;
			hasScannedForEncodings = 0;
			knownRegions = (
				en,
				Base,
			);
			mainGroup = C33F5B701A4D0B9F00E14426;
			productRefGroup = C33F5B7A1A4D0B9F00E14426 /* Products */;
			projectDirPath = "";
			projectRoot = "";
			targets = (
				C33F5B781A4D0B9F00E14426 /* iOS-Presentation-Demo */,
				C33F5B8D1A4D0BA000E14426 /* iOS-Presentation-DemoTests */,
			);
		};
/* End PBXProject section */

/* Begin PBXResourcesBuildPhase section */
		C33F5B771A4D0B9F00E14426 /* Resources */ = {
			isa = PBXResourcesBuildPhase;
			buildActionMask = 2147483647;
			files = (
				C33F5B841A4D0B9F00E14426 /* Main.storyboard in Resources */,
				C33F5B891A4D0B9F00E14426 /* LaunchScreen.xib in Resources */,
				6490DCED1A4E8D3E00C01BBA /* IMG_2218.JPG in Resources */,
			);
			runOnlyForDeploymentPostprocessing = 0;
		};
		C33F5B8C1A4D0BA000E14426 /* Resources */ = {
			isa = PBXResourcesBuildPhase;
			buildActionMask = 2147483647;
			files = (
			);
			runOnlyForDeploymentPostprocessing = 0;
		};
/* End PBXResourcesBuildPhase section */

/* Begin PBXSourcesBuildPhase section */
		C33F5B751A4D0B9F00E14426 /* Sources */ = {
			isa = PBXSourcesBuildPhase;
			buildActionMask = 2147483647;
			files = (
				C33F5BA31A4D0D7600E14426 /* CustomPresentationController.swift in Sources */,
				C33F5BA11A4D0CE700E14426 /* README.md in Sources */,
				C33F5BA51A4D285700E14426 /* SubViewController.swift in Sources */,
				C33A16541A4D3F0800287512 /* CustomPresentationAnimationController.swift in Sources */,
				C33F5B811A4D0B9F00E14426 /* ViewController.swift in Sources */,
				C33F5B7F1A4D0B9F00E14426 /* AppDelegate.swift in Sources */,
			);
			runOnlyForDeploymentPostprocessing = 0;
		};
		C33F5B8A1A4D0BA000E14426 /* Sources */ = {
			isa = PBXSourcesBuildPhase;
			buildActionMask = 2147483647;
			files = (
				C33F5B951A4D0BA000E14426 /* iOS_Presentation_DemoTests.swift in Sources */,
			);
			runOnlyForDeploymentPostprocessing = 0;
		};
/* End PBXSourcesBuildPhase section */

/* Begin PBXTargetDependency section */
		C33F5B901A4D0BA000E14426 /* PBXTargetDependency */ = {
			isa = PBXTargetDependency;
			target = C33F5B781A4D0B9F00E14426 /* iOS-Presentation-Demo */;
			targetProxy = C33F5B8F1A4D0BA000E14426 /* PBXContainerItemProxy */;
		};
/* End PBXTargetDependency section */

/* Begin PBXVariantGroup section */
		C33F5B821A4D0B9F00E14426 /* Main.storyboard */ = {
			isa = PBXVariantGroup;
			children = (
				C33F5B831A4D0B9F00E14426 /* Base */,
			);
			name = Main.storyboard;
			sourceTree = "<group>";
		};
		C33F5B871A4D0B9F00E14426 /* LaunchScreen.xib */ = {
			isa = PBXVariantGroup;
			children = (
				C33F5B881A4D0B9F00E14426 /* Base */,
			);
			name = LaunchScreen.xib;
			sourceTree = "<group>";
		};
/* End PBXVariantGroup section */

/* Begin XCBuildConfiguration section */
		C33F5B961A4D0BA000E14426 /* Debug */ = {
			isa = XCBuildConfiguration;
			buildSettings = {
				ALWAYS_SEARCH_USER_PATHS = NO;
				CLANG_CXX_LANGUAGE_STANDARD = "gnu++0x";
				CLANG_CXX_LIBRARY = "libc++";
				CLANG_ENABLE_MODULES = YES;
				CLANG_ENABLE_OBJC_ARC = YES;
				CLANG_WARN_BOOL_CONVERSION = YES;
				CLANG_WARN_CONSTANT_CONVERSION = YES;
				CLANG_WARN_DIRECT_OBJC_ISA_USAGE = YES_ERROR;
				CLANG_WARN_EMPTY_BODY = YES;
				CLANG_WARN_ENUM_CONVERSION = YES;
				CLANG_WARN_INT_CONVERSION = YES;
				CLANG_WARN_OBJC_ROOT_CLASS = YES_ERROR;
				CLANG_WARN_UNREACHABLE_CODE = YES;
				CLANG_WARN__DUPLICATE_METHOD_MATCH = YES;
				"CODE_SIGN_IDENTITY[sdk=iphoneos*]" = "iPhone Developer";
				COPY_PHASE_STRIP = NO;
				ENABLE_STRICT_OBJC_MSGSEND = YES;
				GCC_C_LANGUAGE_STANDARD = gnu99;
				GCC_DYNAMIC_NO_PIC = NO;
				GCC_OPTIMIZATION_LEVEL = 0;
				GCC_PREPROCESSOR_DEFINITIONS = (
					"DEBUG=1",
					"$(inherited)",
				);
				GCC_SYMBOLS_PRIVATE_EXTERN = NO;
				GCC_WARN_64_TO_32_BIT_CONVERSION = YES;
				GCC_WARN_ABOUT_RETURN_TYPE = YES_ERROR;
				GCC_WARN_UNDECLARED_SELECTOR = YES;
				GCC_WARN_UNINITIALIZED_AUTOS = YES_AGGRESSIVE;
				GCC_WARN_UNUSED_FUNCTION = YES;
				GCC_WARN_UNUSED_VARIABLE = YES;
				IPHONEOS_DEPLOYMENT_TARGET = 8.1;
				MTL_ENABLE_DEBUG_INFO = YES;
				ONLY_ACTIVE_ARCH = YES;
				SDKROOT = iphoneos;
				SWIFT_OPTIMIZATION_LEVEL = "-Onone";
			};
			name = Debug;
		};
		C33F5B971A4D0BA000E14426 /* Release */ = {
			isa = XCBuildConfiguration;
			buildSettings = {
				ALWAYS_SEARCH_USER_PATHS = NO;
				CLANG_CXX_LANGUAGE_STANDARD = "gnu++0x";
				CLANG_CXX_LIBRARY = "libc++";
				CLANG_ENABLE_MODULES = YES;
				CLANG_ENABLE_OBJC_ARC = YES;
				CLANG_WARN_BOOL_CONVERSION = YES;
				CLANG_WARN_CONSTANT_CONVERSION = YES;
				CLANG_WARN_DIRECT_OBJC_ISA_USAGE = YES_ERROR;
				CLANG_WARN_EMPTY_BODY = YES;
				CLANG_WARN_ENUM_CONVERSION = YES;
				CLANG_WARN_INT_CONVERSION = YES;
				CLANG_WARN_OBJC_ROOT_CLASS = YES_ERROR;
				CLANG_WARN_UNREACHABLE_CODE = YES;
				CLANG_WARN__DUPLICATE_METHOD_MATCH = YES;
				"CODE_SIGN_IDENTITY[sdk=iphoneos*]" = "iPhone Developer";
				COPY_PHASE_STRIP = YES;
				ENABLE_NS_ASSERTIONS = NO;
				ENABLE_STRICT_OBJC_MSGSEND = YES;
				GCC_C_LANGUAGE_STANDARD = gnu99;
				GCC_WARN_64_TO_32_BIT_CONVERSION = YES;
				GCC_WARN_ABOUT_RETURN_TYPE = YES_ERROR;
				GCC_WARN_UNDECLARED_SELECTOR = YES;
				GCC_WARN_UNINITIALIZED_AUTOS = YES_AGGRESSIVE;
				GCC_WARN_UNUSED_FUNCTION = YES;
				GCC_WARN_UNUSED_VARIABLE = YES;
				IPHONEOS_DEPLOYMENT_TARGET = 8.1;
				MTL_ENABLE_DEBUG_INFO = NO;
				SDKROOT = iphoneos;
				VALIDATE_PRODUCT = YES;
			};
			name = Release;
		};
		C33F5B991A4D0BA000E14426 /* Debug */ = {
			isa = XCBuildConfiguration;
			buildSettings = {
				ASSETCATALOG_COMPILER_APPICON_NAME = AppIcon;
				INFOPLIST_FILE = "iOS-Presentation-Demo/Info.plist";
				LD_RUNPATH_SEARCH_PATHS = "$(inherited) @executable_path/Frameworks";
				PRODUCT_NAME = "$(TARGET_NAME)";
			};
			name = Debug;
		};
		C33F5B9A1A4D0BA000E14426 /* Release */ = {
			isa = XCBuildConfiguration;
			buildSettings = {
				ASSETCATALOG_COMPILER_APPICON_NAME = AppIcon;
				INFOPLIST_FILE = "iOS-Presentation-Demo/Info.plist";
				LD_RUNPATH_SEARCH_PATHS = "$(inherited) @executable_path/Frameworks";
				PRODUCT_NAME = "$(TARGET_NAME)";
			};
			name = Release;
		};
		C33F5B9C1A4D0BA000E14426 /* Debug */ = {
			isa = XCBuildConfiguration;
			buildSettings = {
				BUNDLE_LOADER = "$(TEST_HOST)";
				FRAMEWORK_SEARCH_PATHS = (
					"$(SDKROOT)/Developer/Library/Frameworks",
					"$(inherited)",
				);
				GCC_PREPROCESSOR_DEFINITIONS = (
					"DEBUG=1",
					"$(inherited)",
				);
				INFOPLIST_FILE = "iOS-Presentation-DemoTests/Info.plist";
				LD_RUNPATH_SEARCH_PATHS = "$(inherited) @executable_path/Frameworks @loader_path/Frameworks";
				PRODUCT_NAME = "$(TARGET_NAME)";
				TEST_HOST = "$(BUILT_PRODUCTS_DIR)/iOS-Presentation-Demo.app/iOS-Presentation-Demo";
			};
			name = Debug;
		};
		C33F5B9D1A4D0BA000E14426 /* Release */ = {
			isa = XCBuildConfiguration;
			buildSettings = {
				BUNDLE_LOADER = "$(TEST_HOST)";
				FRAMEWORK_SEARCH_PATHS = (
					"$(SDKROOT)/Developer/Library/Frameworks",
					"$(inherited)",
				);
				INFOPLIST_FILE = "iOS-Presentation-DemoTests/Info.plist";
				LD_RUNPATH_SEARCH_PATHS = "$(inherited) @executable_path/Frameworks @loader_path/Frameworks";
				PRODUCT_NAME = "$(TARGET_NAME)";
				TEST_HOST = "$(BUILT_PRODUCTS_DIR)/iOS-Presentation-Demo.app/iOS-Presentation-Demo";
			};
			name = Release;
		};
/* End XCBuildConfiguration section */

/* Begin XCConfigurationList section */
		C33F5B741A4D0B9F00E14426 /* Build configuration list for PBXProject "iOS-Presentation-Demo" */ = {
			isa = XCConfigurationList;
			buildConfigurations = (
				C33F5B961A4D0BA000E14426 /* Debug */,
				C33F5B971A4D0BA000E14426 /* Release */,
			);
			defaultConfigurationIsVisible = 0;
			defaultConfigurationName = Release;
		};
		C33F5B981A4D0BA000E14426 /* Build configuration list for PBXNativeTarget "iOS-Presentation-Demo" */ = {
			isa = XCConfigurationList;
			buildConfigurations = (
				C33F5B991A4D0BA000E14426 /* Debug */,
				C33F5B9A1A4D0BA000E14426 /* Release */,
			);
			defaultConfigurationIsVisible = 0;
			defaultConfigurationName = Release;
		};
		C33F5B9B1A4D0BA000E14426 /* Build configuration list for PBXNativeTarget "iOS-Presentation-DemoTests" */ = {
			isa = XCConfigurationList;
			buildConfigurations = (
				C33F5B9C1A4D0BA000E14426 /* Debug */,
				C33F5B9D1A4D0BA000E14426 /* Release */,
			);
			defaultConfigurationIsVisible = 0;
			defaultConfigurationName = Release;
		};
/* End XCConfigurationList section */
	};
	rootObject = C33F5B711A4D0B9F00E14426 /* Project object */;
}
